<?xml version="1.0" encoding="utf-8"?>
<Project ToolsVersion="4.0" xmlns="http://schemas.microsoft.com/developer/msbuild/2003">
  <ItemGroup>
    <Filter Include="リソース ファイル">
      <UniqueIdentifier>{67DA6AB6-F800-4c08-8B7A-83BB121AAD01}</UniqueIdentifier>
      <Extensions>rc;ico;cur;bmp;dlg;rc2;rct;bin;rgs;gif;jpg;jpeg;jpe;resx;tiff;tif;png;wav;mfcribbon-ms</Extensions>
    </Filter>
  </ItemGroup>
  <ItemGroup>
    <ClInclude Include="src\Application.h" />
    <ClInclude Include="src\main.h" />
    <ClInclude Include="src\Scene\GameSenen.h" />
    <ClInclude Include="src\Scene\Title.h" />
    <ClInclude Include="src\Manager\SceneManager.h" />
    <ClInclude Include="src\Scene\GameClear.h" />
    <ClInclude Include="src\Manager\InputManager.h" />
    <ClInclude Include="src\Common\Vector2.h" />
    <ClInclude Include="src\Objekct\Player.h" />
    <ClInclude Include="src\Objekct\Enemy.h" />
    <ClInclude Include="src\Objekct\EnemyManager.h" />
    <ClInclude Include="src\Manager\NetworkManager.h" />
    <ClInclude Include="src\Objekct\Bullet.h" />
    <ClInclude Include="src\Objekct\EnemyBullet.h" />
    <ClInclude Include="src\Scene\GameOver.h" />
    <ClInclude Include="src\Objekct\Shield.h" />
    <ClInclude Include="src\Manager\SoundManager.h" />
    <ClInclude Include="src\Manager\RoundManager.h" />
    <ClInclude Include="src\Objekct\BonusEnemy.h" />
  </ItemGroup>
  <ItemGroup>
    <ClCompile Include="src\Application.cpp" />
    <ClCompile Include="src\main.cpp" />
    <ClCompile Include="src\Scene\GameSenen.cpp" />
    <ClCompile Include="src\Scene\Title.cpp" />
    <ClCompile Include="src\Manager\SceneManager.cpp" />
    <ClCompile Include="src\Scene\GameClear.cpp" />
    <ClCompile Include="src\Manager\InputManager.cpp" />
    <ClCompile Include="src\Common\Vector2.cpp" />
    <ClCompile Include="src\Objekct\Player.cpp" />
    <ClCompile Include="src\Objekct\Enemy.cpp" />
    <ClCompile Include="src\Objekct\EnemyManager.cpp" />
    <ClCompile Include="src\Manager\NetworkManager.cpp" />
    <ClCompile Include="src\Objekct\Bullet.cpp" />
    <ClCompile Include="src\Objekct\EnemyBullet.cpp" />
    <ClCompile Include="src\Scene\GameOver.cpp" />
    <ClCompile Include="src\Objekct\Shield.cpp" />
    <ClCompile Include="src\Manager\SoundManager.cpp" />
    <ClCompile Include="src\Manager\RoundManager.cpp" />
    <ClCompile Include="src\Objekct\BonusEnemy.cpp" />
  </ItemGroup>
</Project>